
Microsoft Visual Studio Solution File, Format Version 12.00
# Visual Studio 2017
Project("{FAE04EC0-301F-11D3-BF4B-00C04F79EFBC}") = "Minigame2", "Minigame2.csproj", "{938A12D3-5843-ECA2-61F1-D1E9A06B53DA}"
EndProject
Project("{FAE04EC0-301F-11D3-BF4B-00C04F79EFBC}") = "Minigame2.Plugins", "Minigame2.Plugins.csproj", "{A2F42857-EACF-0378-6ED6-C1DE40F24DC9}"
EndProject
Global
	GlobalSection(SolutionConfigurationPlatforms) = preSolution
		Debug|Any CPU = Debug|Any CPU
		Release|Any CPU = Release|Any CPU
	EndGlobalSection
	GlobalSection(ProjectConfigurationPlatforms) = postSolution
		{938A12D3-5843-ECA2-61F1-D1E9A06B53DA}.Debug|Any CPU.ActiveCfg = Debug|Any CPU
		{938A12D3-5843-ECA2-61F1-D1E9A06B53DA}.Debug|Any CPU.Build.0 = Debug|Any CPU
		{938A12D3-5843-ECA2-61F1-D1E9A06B53DA}.Release|Any CPU.ActiveCfg = Release|Any CPU
		{938A12D3-5843-ECA2-61F1-D1E9A06B53DA}.Release|Any CPU.Build.0 = Release|Any CPU
		{A2F42857-EACF-0378-6ED6-C1DE40F24DC9}.Debug|Any CPU.ActiveCfg = Debug|Any CPU
		{A2F42857-EACF-0378-6ED6-C1DE40F24DC9}.Debug|Any CPU.Build.0 = Debug|Any CPU
		{A2F42857-EACF-0378-6ED6-C1DE40F24DC9}.Release|Any CPU.ActiveCfg = Release|Any CPU
		{A2F42857-EACF-0378-6ED6-C1DE40F24DC9}.Release|Any CPU.Build.0 = Release|Any CPU
	EndGlobalSection
	GlobalSection(SolutionProperties) = preSolution
		HideSolutionNode = FALSE
	EndGlobalSection
EndGlobal
